
Microsoft Visual Studio Solution File, Format Version 12.00
# Visual Studio Version 17
VisualStudioVersion = 17.7.34031.279
MinimumVisualStudioVersion = 10.0.40219.1
Project("{FAE04EC0-301F-11D3-BF4B-00C04F79EFBC}") = "Reflection_Modul02", "Reflection_Modul02\Reflection_Modul02.csproj", "{F403BFAF-7AF7-457C-8BC6-98548910EE10}"
EndProject
Global
	GlobalSection(SolutionConfigurationPlatforms) = preSolution
		Debug|Any CPU = Debug|Any CPU
		Release|Any CPU = Release|Any CPU
	EndGlobalSection
	GlobalSection(ProjectConfigurationPlatforms) = postSolution
		{F403BFAF-7AF7-457C-8BC6-98548910EE10}.Debug|Any CPU.ActiveCfg = Debug|Any CPU
		{F403BFAF-7AF7-457C-8BC6-98548910EE10}.Debug|Any CPU.Build.0 = Debug|Any CPU
		{F403BFAF-7AF7-457C-8BC6-98548910EE10}.Release|Any CPU.ActiveCfg = Release|Any CPU
		{F403BFAF-7AF7-457C-8BC6-98548910EE10}.Release|Any CPU.Build.0 = Release|Any CPU
	EndGlobalSection
	GlobalSection(SolutionProperties) = preSolution
		HideSolutionNode = FALSE
	EndGlobalSection
	GlobalSection(ExtensibilityGlobals) = postSolution
		SolutionGuid = {503E889C-2FB6-4E52-9B3B-BF476811F3CD}
	EndGlobalSection
EndGlobal
